
Microsoft Visual Studio Solution File, Format Version 12.00
# Visual Studio Version 17
VisualStudioVersion = 17.0.31903.59
MinimumVisualStudioVersion = 10.0.40219.1
Project("{2150E333-8FDC-42A3-9474-1A3956D46DE8}") = "Infrastructure", "Infrastructure", "{B2F5B1E6-4768-484D-894F-57EA3862F39A}"
EndProject
Project("{2150E333-8FDC-42A3-9474-1A3956D46DE8}") = "Core", "Core", "{E10AD4BD-BCB4-46F5-AEBA-A23E589EBAD8}"
EndProject
Project("{2150E333-8FDC-42A3-9474-1A3956D46DE8}") = "WebAPI", "WebAPI", "{91F321C2-08FE-4023-9C98-C38DDBE9659E}"
EndProject
Project("{2150E333-8FDC-42A3-9474-1A3956D46DE8}") = "Integration", "Integration", "{BEAC4D44-40F5-4556-A7E3-2518DDA31510}"
EndProject
Project("{9A19103F-16F7-4668-BE54-9A1E7A4F7556}") = "PRJ.Application", "PRJ.Application\PRJ.Application.csproj", "{072EAFFC-D7A1-41B8-9DB3-204CE14C227B}"
EndProject
Project("{9A19103F-16F7-4668-BE54-9A1E7A4F7556}") = "PRJ.Domain", "PRJ.Domain\PRJ.Domain.csproj", "{9C0097AA-E560-4B75-9387-9FD1125F6396}"
EndProject
Project("{9A19103F-16F7-4668-BE54-9A1E7A4F7556}") = "PRJ.DataAccess", "PRJ.DataAccess\PRJ.DataAccess.csproj", "{2A062771-022C-46B4-B49A-A644B6006A39}"
EndProject
Project("{9A19103F-16F7-4668-BE54-9A1E7A4F7556}") = "PRJ.Repository", "PRJ.Repository\PRJ.Repository.csproj", "{000DAA33-4CDC-40C8-9339-4EEE9767EAB2}"
EndProject
Project("{9A19103F-16F7-4668-BE54-9A1E7A4F7556}") = "PRJ.WebAPI", "PRJ.WebAPI\PRJ.WebAPI.csproj", "{2E40AEF8-1C7A-4AF8-91E6-54573A449380}"
EndProject
Project("{9A19103F-16F7-4668-BE54-9A1E7A4F7556}") = "PRJ.GlobalComponents", "PRJ.GlobalComponents\PRJ.GlobalComponents.csproj", "{9B950510-1632-43F8-8A1C-C1824DAC2E4C}"
EndProject
Project("{2150E333-8FDC-42A3-9474-1A3956D46DE8}") = "Test", "Test", "{5DDA5A6B-8465-4055-8E4E-324BF50E7F12}"
EndProject
Project("{FAE04EC0-301F-11D3-BF4B-00C04F79EFBC}") = "WinTest", "WinTest\WinTest.csproj", "{4A88066E-BD5D-46D0-B9B9-A6D4576A3401}"
EndProject
Project("{9A19103F-16F7-4668-BE54-9A1E7A4F7556}") = "PRJ.Business", "PRJ.Business\PRJ.Business.csproj", "{A96D84C4-D20F-4491-9CA0-33660EDA18DC}"
EndProject
Project("{2150E333-8FDC-42A3-9474-1A3956D46DE8}") = "Identity", "Identity", "{2628A736-070C-431D-9630-0701EFCBA313}"
EndProject
Project("{9A19103F-16F7-4668-BE54-9A1E7A4F7556}") = "PRJ-ID4Server", "PRJ-ID4Server\PRJ-ID4Server.csproj", "{1ADBF8A7-4C38-4429-92FC-A235296829B9}"
EndProject
Project("{9A19103F-16F7-4668-BE54-9A1E7A4F7556}") = "PRJ.AuthServer", "PRJ.AuthServer\PRJ.AuthServer.csproj", "{548D6175-BAD3-4A48-AED8-4BD198492264}"
EndProject
Project("{2150E333-8FDC-42A3-9474-1A3956D46DE8}") = "Internal", "Internal", "{9118B405-2DAF-401C-BA2A-26416F3332FA}"
EndProject
Project("{9A19103F-16F7-4668-BE54-9A1E7A4F7556}") = "PRJ-internal-app", "PRJ-internal-app\PRJ-internal-app.csproj", "{2A05EDBA-60BF-4601-89A3-545E20671221}"
EndProject
Project("{FAE04EC0-301F-11D3-BF4B-00C04F79EFBC}") = "PRJ-Integeration", "PRJ-Integeration\PRJ-Integeration.csproj", "{E1FB35C5-05DC-47D0-A7FE-3F013B78A860}"
EndProject
Global
	GlobalSection(SolutionConfigurationPlatforms) = preSolution
		Debug|Any CPU = Debug|Any CPU
		Release|Any CPU = Release|Any CPU
	EndGlobalSection
	GlobalSection(ProjectConfigurationPlatforms) = postSolution
		{072EAFFC-D7A1-41B8-9DB3-204CE14C227B}.Debug|Any CPU.ActiveCfg = Debug|Any CPU
		{072EAFFC-D7A1-41B8-9DB3-204CE14C227B}.Debug|Any CPU.Build.0 = Debug|Any CPU
		{072EAFFC-D7A1-41B8-9DB3-204CE14C227B}.Release|Any CPU.ActiveCfg = Release|Any CPU
		{072EAFFC-D7A1-41B8-9DB3-204CE14C227B}.Release|Any CPU.Build.0 = Release|Any CPU
		{9C0097AA-E560-4B75-9387-9FD1125F6396}.Debug|Any CPU.ActiveCfg = Debug|Any CPU
		{9C0097AA-E560-4B75-9387-9FD1125F6396}.Debug|Any CPU.Build.0 = Debug|Any CPU
		{9C0097AA-E560-4B75-9387-9FD1125F6396}.Release|Any CPU.ActiveCfg = Release|Any CPU
		{9C0097AA-E560-4B75-9387-9FD1125F6396}.Release|Any CPU.Build.0 = Release|Any CPU
		{2A062771-022C-46B4-B49A-A644B6006A39}.Debug|Any CPU.ActiveCfg = Debug|Any CPU
		{2A062771-022C-46B4-B49A-A644B6006A39}.Debug|Any CPU.Build.0 = Debug|Any CPU
		{2A062771-022C-46B4-B49A-A644B6006A39}.Release|Any CPU.ActiveCfg = Release|Any CPU
		{2A062771-022C-46B4-B49A-A644B6006A39}.Release|Any CPU.Build.0 = Release|Any CPU
		{000DAA33-4CDC-40C8-9339-4EEE9767EAB2}.Debug|Any CPU.ActiveCfg = Debug|Any CPU
		{000DAA33-4CDC-40C8-9339-4EEE9767EAB2}.Debug|Any CPU.Build.0 = Debug|Any CPU
		{000DAA33-4CDC-40C8-9339-4EEE9767EAB2}.Release|Any CPU.ActiveCfg = Release|Any CPU
		{000DAA33-4CDC-40C8-9339-4EEE9767EAB2}.Release|Any CPU.Build.0 = Release|Any CPU
		{2E40AEF8-1C7A-4AF8-91E6-54573A449380}.Debug|Any CPU.ActiveCfg = Debug|Any CPU
		{2E40AEF8-1C7A-4AF8-91E6-54573A449380}.Debug|Any CPU.Build.0 = Debug|Any CPU
		{2E40AEF8-1C7A-4AF8-91E6-54573A449380}.Release|Any CPU.ActiveCfg = Release|Any CPU
		{2E40AEF8-1C7A-4AF8-91E6-54573A449380}.Release|Any CPU.Build.0 = Release|Any CPU
		{9B950510-1632-43F8-8A1C-C1824DAC2E4C}.Debug|Any CPU.ActiveCfg = Debug|Any CPU
		{9B950510-1632-43F8-8A1C-C1824DAC2E4C}.Debug|Any CPU.Build.0 = Debug|Any CPU
		{9B950510-1632-43F8-8A1C-C1824DAC2E4C}.Release|Any CPU.ActiveCfg = Release|Any CPU
		{9B950510-1632-43F8-8A1C-C1824DAC2E4C}.Release|Any CPU.Build.0 = Release|Any CPU
		{4A88066E-BD5D-46D0-B9B9-A6D4576A3401}.Debug|Any CPU.ActiveCfg = Debug|Any CPU
		{4A88066E-BD5D-46D0-B9B9-A6D4576A3401}.Debug|Any CPU.Build.0 = Debug|Any CPU
		{4A88066E-BD5D-46D0-B9B9-A6D4576A3401}.Release|Any CPU.ActiveCfg = Release|Any CPU
		{4A88066E-BD5D-46D0-B9B9-A6D4576A3401}.Release|Any CPU.Build.0 = Release|Any CPU
		{A96D84C4-D20F-4491-9CA0-33660EDA18DC}.Debug|Any CPU.ActiveCfg = Debug|Any CPU
		{A96D84C4-D20F-4491-9CA0-33660EDA18DC}.Debug|Any CPU.Build.0 = Debug|Any CPU
		{A96D84C4-D20F-4491-9CA0-33660EDA18DC}.Release|Any CPU.ActiveCfg = Release|Any CPU
		{A96D84C4-D20F-4491-9CA0-33660EDA18DC}.Release|Any CPU.Build.0 = Release|Any CPU
		{1ADBF8A7-4C38-4429-92FC-A235296829B9}.Debug|Any CPU.ActiveCfg = Debug|Any CPU
		{1ADBF8A7-4C38-4429-92FC-A235296829B9}.Debug|Any CPU.Build.0 = Debug|Any CPU
		{1ADBF8A7-4C38-4429-92FC-A235296829B9}.Release|Any CPU.ActiveCfg = Release|Any CPU
		{1ADBF8A7-4C38-4429-92FC-A235296829B9}.Release|Any CPU.Build.0 = Release|Any CPU
		{548D6175-BAD3-4A48-AED8-4BD198492264}.Debug|Any CPU.ActiveCfg = Debug|Any CPU
		{548D6175-BAD3-4A48-AED8-4BD198492264}.Debug|Any CPU.Build.0 = Debug|Any CPU
		{548D6175-BAD3-4A48-AED8-4BD198492264}.Release|Any CPU.ActiveCfg = Release|Any CPU
		{548D6175-BAD3-4A48-AED8-4BD198492264}.Release|Any CPU.Build.0 = Release|Any CPU
		{2A05EDBA-60BF-4601-89A3-545E20671221}.Debug|Any CPU.ActiveCfg = Debug|Any CPU
		{2A05EDBA-60BF-4601-89A3-545E20671221}.Debug|Any CPU.Build.0 = Debug|Any CPU
		{2A05EDBA-60BF-4601-89A3-545E20671221}.Release|Any CPU.ActiveCfg = Release|Any CPU
		{2A05EDBA-60BF-4601-89A3-545E20671221}.Release|Any CPU.Build.0 = Release|Any CPU
		{E1FB35C5-05DC-47D0-A7FE-3F013B78A860}.Debug|Any CPU.ActiveCfg = Debug|Any CPU
		{E1FB35C5-05DC-47D0-A7FE-3F013B78A860}.Debug|Any CPU.Build.0 = Debug|Any CPU
		{E1FB35C5-05DC-47D0-A7FE-3F013B78A860}.Release|Any CPU.ActiveCfg = Release|Any CPU
		{E1FB35C5-05DC-47D0-A7FE-3F013B78A860}.Release|Any CPU.Build.0 = Release|Any CPU
	EndGlobalSection
	GlobalSection(SolutionProperties) = preSolution
		HideSolutionNode = FALSE
	EndGlobalSection
	GlobalSection(NestedProjects) = preSolution
		{072EAFFC-D7A1-41B8-9DB3-204CE14C227B} = {E10AD4BD-BCB4-46F5-AEBA-A23E589EBAD8}
		{9C0097AA-E560-4B75-9387-9FD1125F6396} = {E10AD4BD-BCB4-46F5-AEBA-A23E589EBAD8}
		{2A062771-022C-46B4-B49A-A644B6006A39} = {B2F5B1E6-4768-484D-894F-57EA3862F39A}
		{000DAA33-4CDC-40C8-9339-4EEE9767EAB2} = {B2F5B1E6-4768-484D-894F-57EA3862F39A}
		{2E40AEF8-1C7A-4AF8-91E6-54573A449380} = {91F321C2-08FE-4023-9C98-C38DDBE9659E}
		{9B950510-1632-43F8-8A1C-C1824DAC2E4C} = {B2F5B1E6-4768-484D-894F-57EA3862F39A}
		{4A88066E-BD5D-46D0-B9B9-A6D4576A3401} = {5DDA5A6B-8465-4055-8E4E-324BF50E7F12}
		{A96D84C4-D20F-4491-9CA0-33660EDA18DC} = {B2F5B1E6-4768-484D-894F-57EA3862F39A}
		{1ADBF8A7-4C38-4429-92FC-A235296829B9} = {2628A736-070C-431D-9630-0701EFCBA313}
		{548D6175-BAD3-4A48-AED8-4BD198492264} = {2628A736-070C-431D-9630-0701EFCBA313}
		{9118B405-2DAF-401C-BA2A-26416F3332FA} = {5DDA5A6B-8465-4055-8E4E-324BF50E7F12}
		{2A05EDBA-60BF-4601-89A3-545E20671221} = {9118B405-2DAF-401C-BA2A-26416F3332FA}
		{E1FB35C5-05DC-47D0-A7FE-3F013B78A860} = {BEAC4D44-40F5-4556-A7E3-2518DDA31510}
	EndGlobalSection
	GlobalSection(ExtensibilityGlobals) = postSolution
		SolutionGuid = {5027EE38-310D-46CC-9CF0-79F7E1F71CDF}
	EndGlobalSection
EndGlobal
